
Microsoft Visual Studio Solution File, Format Version 12.00
# Visual Studio Version 17
VisualStudioVersion = 17.5.33530.505
MinimumVisualStudioVersion = 10.0.40219.1
Project("{2150E333-8FDC-42A3-9474-1A3956D46DE8}") = "src", "src", "{3015BE17-569C-45ED-B179-E067AC942B91}"
EndProject
Project("{9A19103F-16F7-4668-BE54-9A1E7A4F7556}") = "ClinicFlow.API", "src\ClinicFlow.API\ClinicFlow.API.csproj", "{C287EEDE-9EEC-47B3-B426-67ED54CE615B}"
EndProject
Project("{E53339B2-1760-4266-BCC7-CA923CBCF16C}") = "docker-compose", "docker-compose.dcproj", "{5D32D8F8-EBD8-47E0-B07C-790F811EA04B}"
EndProject
Project("{FAE04EC0-301F-11D3-BF4B-00C04F79EFBC}") = "ClinicFlow.Domain", "src\ClinicFlow.Domain\ClinicFlow.Domain.csproj", "{5822CC61-7696-4536-9898-00E5951D2DB4}"
EndProject
Project("{FAE04EC0-301F-11D3-BF4B-00C04F79EFBC}") = "ClinicFlow.Application", "src\ClinicFlow.Application\ClinicFlow.Application.csproj", "{56D96D5C-3A92-4BB2-A5CE-6108B3623728}"
EndProject
Global
	GlobalSection(SolutionConfigurationPlatforms) = preSolution
		Debug|Any CPU = Debug|Any CPU
		Release|Any CPU = Release|Any CPU
	EndGlobalSection
	GlobalSection(ProjectConfigurationPlatforms) = postSolution
		{C287EEDE-9EEC-47B3-B426-67ED54CE615B}.Debug|Any CPU.ActiveCfg = Debug|Any CPU
		{C287EEDE-9EEC-47B3-B426-67ED54CE615B}.Debug|Any CPU.Build.0 = Debug|Any CPU
		{C287EEDE-9EEC-47B3-B426-67ED54CE615B}.Release|Any CPU.ActiveCfg = Release|Any CPU
		{C287EEDE-9EEC-47B3-B426-67ED54CE615B}.Release|Any CPU.Build.0 = Release|Any CPU
		{5D32D8F8-EBD8-47E0-B07C-790F811EA04B}.Debug|Any CPU.ActiveCfg = Debug|Any CPU
		{5D32D8F8-EBD8-47E0-B07C-790F811EA04B}.Debug|Any CPU.Build.0 = Debug|Any CPU
		{5D32D8F8-EBD8-47E0-B07C-790F811EA04B}.Release|Any CPU.ActiveCfg = Release|Any CPU
		{5D32D8F8-EBD8-47E0-B07C-790F811EA04B}.Release|Any CPU.Build.0 = Release|Any CPU
		{5822CC61-7696-4536-9898-00E5951D2DB4}.Debug|Any CPU.ActiveCfg = Debug|Any CPU
		{5822CC61-7696-4536-9898-00E5951D2DB4}.Debug|Any CPU.Build.0 = Debug|Any CPU
		{5822CC61-7696-4536-9898-00E5951D2DB4}.Release|Any CPU.ActiveCfg = Release|Any CPU
		{5822CC61-7696-4536-9898-00E5951D2DB4}.Release|Any CPU.Build.0 = Release|Any CPU
		{56D96D5C-3A92-4BB2-A5CE-6108B3623728}.Debug|Any CPU.ActiveCfg = Debug|Any CPU
		{56D96D5C-3A92-4BB2-A5CE-6108B3623728}.Debug|Any CPU.Build.0 = Debug|Any CPU
		{56D96D5C-3A92-4BB2-A5CE-6108B3623728}.Release|Any CPU.ActiveCfg = Release|Any CPU
		{56D96D5C-3A92-4BB2-A5CE-6108B3623728}.Release|Any CPU.Build.0 = Release|Any CPU
	EndGlobalSection
	GlobalSection(SolutionProperties) = preSolution
		HideSolutionNode = FALSE
	EndGlobalSection
	GlobalSection(NestedProjects) = preSolution
		{C287EEDE-9EEC-47B3-B426-67ED54CE615B} = {3015BE17-569C-45ED-B179-E067AC942B91}
		{5822CC61-7696-4536-9898-00E5951D2DB4} = {3015BE17-569C-45ED-B179-E067AC942B91}
		{56D96D5C-3A92-4BB2-A5CE-6108B3623728} = {3015BE17-569C-45ED-B179-E067AC942B91}
	EndGlobalSection
	GlobalSection(ExtensibilityGlobals) = postSolution
		SolutionGuid = {16931418-3599-4955-9545-87666B413895}
	EndGlobalSection
EndGlobal
